
Microsoft Visual Studio Solution File, Format Version 12.00
# Visual Studio Version 16
VisualStudioVersion = 16.0.31911.196
MinimumVisualStudioVersion = 10.0.40219.1
Project("{9A19103F-16F7-4668-BE54-9A1E7A4F7556}") = "E_CommerceStore_Udemey.WEB", "E_CommerceStore_Udemey.WEB\E_CommerceStore_Udemey.WEB.csproj", "{5E561699-644E-4085-A881-A8986FC7FDB1}"
EndProject
Project("{9A19103F-16F7-4668-BE54-9A1E7A4F7556}") = "E_CommerceStore_Udemey.DATA", "E_CommerceStore_Udemey.DATA\E_CommerceStore_Udemey.DATA.csproj", "{EB1CA95E-E262-4DBA-BCB1-E50D551C167D}"
EndProject
Project("{9A19103F-16F7-4668-BE54-9A1E7A4F7556}") = "E_CommerceStore_Udemey.Core", "E_CommerceStore_Udemey.Core\E_CommerceStore_Udemey.Core.csproj", "{25B4301C-3231-4E01-877E-21AB3F0F4786}"
EndProject
Project("{9A19103F-16F7-4668-BE54-9A1E7A4F7556}") = "E_CommerceStore_Udemey.Infrastructure", "E_CommerceStore_Udemey.Infrastructure\E_CommerceStore_Udemey.Infrastructure.csproj", "{D3B29AB5-88BC-40CD-8D83-372DAA764A58}"
EndProject
Global
	GlobalSection(SolutionConfigurationPlatforms) = preSolution
		Debug|Any CPU = Debug|Any CPU
		Release|Any CPU = Release|Any CPU
	EndGlobalSection
	GlobalSection(ProjectConfigurationPlatforms) = postSolution
		{5E561699-644E-4085-A881-A8986FC7FDB1}.Debug|Any CPU.ActiveCfg = Debug|Any CPU
		{5E561699-644E-4085-A881-A8986FC7FDB1}.Debug|Any CPU.Build.0 = Debug|Any CPU
		{5E561699-644E-4085-A881-A8986FC7FDB1}.Release|Any CPU.ActiveCfg = Release|Any CPU
		{5E561699-644E-4085-A881-A8986FC7FDB1}.Release|Any CPU.Build.0 = Release|Any CPU
		{EB1CA95E-E262-4DBA-BCB1-E50D551C167D}.Debug|Any CPU.ActiveCfg = Debug|Any CPU
		{EB1CA95E-E262-4DBA-BCB1-E50D551C167D}.Debug|Any CPU.Build.0 = Debug|Any CPU
		{EB1CA95E-E262-4DBA-BCB1-E50D551C167D}.Release|Any CPU.ActiveCfg = Release|Any CPU
		{EB1CA95E-E262-4DBA-BCB1-E50D551C167D}.Release|Any CPU.Build.0 = Release|Any CPU
		{25B4301C-3231-4E01-877E-21AB3F0F4786}.Debug|Any CPU.ActiveCfg = Debug|Any CPU
		{25B4301C-3231-4E01-877E-21AB3F0F4786}.Debug|Any CPU.Build.0 = Debug|Any CPU
		{25B4301C-3231-4E01-877E-21AB3F0F4786}.Release|Any CPU.ActiveCfg = Release|Any CPU
		{25B4301C-3231-4E01-877E-21AB3F0F4786}.Release|Any CPU.Build.0 = Release|Any CPU
		{D3B29AB5-88BC-40CD-8D83-372DAA764A58}.Debug|Any CPU.ActiveCfg = Debug|Any CPU
		{D3B29AB5-88BC-40CD-8D83-372DAA764A58}.Debug|Any CPU.Build.0 = Debug|Any CPU
		{D3B29AB5-88BC-40CD-8D83-372DAA764A58}.Release|Any CPU.ActiveCfg = Release|Any CPU
		{D3B29AB5-88BC-40CD-8D83-372DAA764A58}.Release|Any CPU.Build.0 = Release|Any CPU
	EndGlobalSection
	GlobalSection(SolutionProperties) = preSolution
		HideSolutionNode = FALSE
	EndGlobalSection
	GlobalSection(ExtensibilityGlobals) = postSolution
		SolutionGuid = {BCF22530-E2DE-4942-A6E2-75D45F03DDDB}
	EndGlobalSection
EndGlobal
